
Microsoft Visual Studio Solution File, Format Version 12.00
# Visual Studio Version 16
VisualStudioVersion = 25.0.1706.6
MinimumVisualStudioVersion = 10.0.40219.1
Project("{FAE04EC0-301F-11D3-BF4B-00C04F79EFBC}") = "Assembly-CSharp", "Assembly-CSharp.csproj", "{3EF46B08-A5A1-5455-5F7D-E48F1A9E72EC}"
EndProject
Global
	GlobalSection(SolutionConfigurationPlatforms) = preSolution
		Debug|Any CPU = Debug|Any CPU
		Release|Any CPU = Release|Any CPU
	EndGlobalSection
	GlobalSection(ProjectConfigurationPlatforms) = postSolution
		{3EF46B08-A5A1-5455-5F7D-E48F1A9E72EC}.Debug|Any CPU.ActiveCfg = Debug|Any CPU
		{3EF46B08-A5A1-5455-5F7D-E48F1A9E72EC}.Debug|Any CPU.Build.0 = Debug|Any CPU
		{3EF46B08-A5A1-5455-5F7D-E48F1A9E72EC}.Release|Any CPU.ActiveCfg = Release|Any CPU
		{3EF46B08-A5A1-5455-5F7D-E48F1A9E72EC}.Release|Any CPU.Build.0 = Release|Any CPU
	EndGlobalSection
	GlobalSection(SolutionProperties) = preSolution
		HideSolutionNode = FALSE
	EndGlobalSection
	GlobalSection(ExtensibilityGlobals) = postSolution
		SolutionGuid = {516F297A-9C34-4CDF-97A3-86748FD6A9C4}
	EndGlobalSection
EndGlobal
